
Microsoft Visual Studio Solution File, Format Version 12.00
# Visual Studio Version 17
VisualStudioVersion = 17.4.33213.308
MinimumVisualStudioVersion = 10.0.40219.1
Project("{FAE04EC0-301F-11D3-BF4B-00C04F79EFBC}") = "Test", "Test\Test.csproj", "{C52F1C33-F970-4E26-BF3B-92BA940F9969}"
EndProject
Global
	GlobalSection(SolutionConfigurationPlatforms) = preSolution
		Debug|Any CPU = Debug|Any CPU
		Release|Any CPU = Release|Any CPU
	EndGlobalSection
	GlobalSection(ProjectConfigurationPlatforms) = postSolution
		{C52F1C33-F970-4E26-BF3B-92BA940F9969}.Debug|Any CPU.ActiveCfg = Debug|Any CPU
		{C52F1C33-F970-4E26-BF3B-92BA940F9969}.Debug|Any CPU.Build.0 = Debug|Any CPU
		{C52F1C33-F970-4E26-BF3B-92BA940F9969}.Release|Any CPU.ActiveCfg = Release|Any CPU
		{C52F1C33-F970-4E26-BF3B-92BA940F9969}.Release|Any CPU.Build.0 = Release|Any CPU
	EndGlobalSection
	GlobalSection(SolutionProperties) = preSolution
		HideSolutionNode = FALSE
	EndGlobalSection
	GlobalSection(ExtensibilityGlobals) = postSolution
		SolutionGuid = {6E0EE50D-515D-41D2-A640-91D23F44545B}
	EndGlobalSection
EndGlobal
